
Microsoft Visual Studio Solution File, Format Version 12.00
# Visual Studio 15
VisualStudioVersion = 15.0.27703.2035
MinimumVisualStudioVersion = 10.0.40219.1
Project("{FAE04EC0-301F-11D3-BF4B-00C04F79EFBC}") = "WebAngular", "WebAngular\WebAngular.csproj", "{C1350071-A037-4D8A-8946-78BCC6D43670}"
EndProject
Global
	GlobalSection(SolutionConfigurationPlatforms) = preSolution
		Debug|Any CPU = Debug|Any CPU
		Release|Any CPU = Release|Any CPU
	EndGlobalSection
	GlobalSection(ProjectConfigurationPlatforms) = postSolution
		{C1350071-A037-4D8A-8946-78BCC6D43670}.Debug|Any CPU.ActiveCfg = Debug|Any CPU
		{C1350071-A037-4D8A-8946-78BCC6D43670}.Debug|Any CPU.Build.0 = Debug|Any CPU
		{C1350071-A037-4D8A-8946-78BCC6D43670}.Release|Any CPU.ActiveCfg = Release|Any CPU
		{C1350071-A037-4D8A-8946-78BCC6D43670}.Release|Any CPU.Build.0 = Release|Any CPU
	EndGlobalSection
	GlobalSection(SolutionProperties) = preSolution
		HideSolutionNode = FALSE
	EndGlobalSection
	GlobalSection(ExtensibilityGlobals) = postSolution
		SolutionGuid = {E870369C-E2DC-4ED9-8132-C244D5AA5259}
	EndGlobalSection
EndGlobal
